
Microsoft Visual Studio Solution File, Format Version 12.00
# Visual Studio Version 17
VisualStudioVersion = 17.13.35828.75
MinimumVisualStudioVersion = 10.0.40219.1
Project("{FAE04EC0-301F-11D3-BF4B-00C04F79EFBC}") = "StorageProject.Domain", "StorageProject.Domain\StorageProject.Domain.csproj", "{EC00641A-E5F3-4731-9A5F-3EDCD61B7036}"
EndProject
Project("{FAE04EC0-301F-11D3-BF4B-00C04F79EFBC}") = "StorageProject.Application", "StorageProject.Application\StorageProject.Application.csproj", "{18E0917A-BFC7-4126-AC55-FEAAA6D49641}"
EndProject
Project("{FAE04EC0-301F-11D3-BF4B-00C04F79EFBC}") = "StorageProject.Infrastructure", "StorageProject.Infrastructure\StorageProject.Infrastructure.csproj", "{D42DCE47-39BC-4E51-BCBA-5485A938BFDD}"
EndProject
Project("{FAE04EC0-301F-11D3-BF4B-00C04F79EFBC}") = "StorageProject.Api", "StorageProject.Api\StorageProject.Api.csproj", "{C640383A-E020-4695-8B9D-E6A3D920756D}"
EndProject
Project("{FAE04EC0-301F-11D3-BF4B-00C04F79EFBC}") = "StorageProject.Tests", "StorageProject.Tests\StorageProject.Tests.csproj", "{271C92B1-CEC5-43B3-8F14-E228B897862F}"
EndProject
Project("{2150E333-8FDC-42A3-9474-1A3956D46DE8}") = "src", "src", "{F4596D26-0B53-4044-AFE2-D5BEE994F241}"
EndProject
Project("{2150E333-8FDC-42A3-9474-1A3956D46DE8}") = "tests", "tests", "{FACF27DF-6596-4618-BD55-5169433F150B}"
EndProject
Global
	GlobalSection(SolutionConfigurationPlatforms) = preSolution
		Debug|Any CPU = Debug|Any CPU
		Release|Any CPU = Release|Any CPU
	EndGlobalSection
	GlobalSection(ProjectConfigurationPlatforms) = postSolution
		{EC00641A-E5F3-4731-9A5F-3EDCD61B7036}.Debug|Any CPU.ActiveCfg = Debug|Any CPU
		{EC00641A-E5F3-4731-9A5F-3EDCD61B7036}.Debug|Any CPU.Build.0 = Debug|Any CPU
		{EC00641A-E5F3-4731-9A5F-3EDCD61B7036}.Release|Any CPU.ActiveCfg = Release|Any CPU
		{EC00641A-E5F3-4731-9A5F-3EDCD61B7036}.Release|Any CPU.Build.0 = Release|Any CPU
		{18E0917A-BFC7-4126-AC55-FEAAA6D49641}.Debug|Any CPU.ActiveCfg = Debug|Any CPU
		{18E0917A-BFC7-4126-AC55-FEAAA6D49641}.Debug|Any CPU.Build.0 = Debug|Any CPU
		{18E0917A-BFC7-4126-AC55-FEAAA6D49641}.Release|Any CPU.ActiveCfg = Release|Any CPU
		{18E0917A-BFC7-4126-AC55-FEAAA6D49641}.Release|Any CPU.Build.0 = Release|Any CPU
		{D42DCE47-39BC-4E51-BCBA-5485A938BFDD}.Debug|Any CPU.ActiveCfg = Debug|Any CPU
		{D42DCE47-39BC-4E51-BCBA-5485A938BFDD}.Debug|Any CPU.Build.0 = Debug|Any CPU
		{D42DCE47-39BC-4E51-BCBA-5485A938BFDD}.Release|Any CPU.ActiveCfg = Release|Any CPU
		{D42DCE47-39BC-4E51-BCBA-5485A938BFDD}.Release|Any CPU.Build.0 = Release|Any CPU
		{C640383A-E020-4695-8B9D-E6A3D920756D}.Debug|Any CPU.ActiveCfg = Debug|Any CPU
		{C640383A-E020-4695-8B9D-E6A3D920756D}.Debug|Any CPU.Build.0 = Debug|Any CPU
		{C640383A-E020-4695-8B9D-E6A3D920756D}.Release|Any CPU.ActiveCfg = Release|Any CPU
		{C640383A-E020-4695-8B9D-E6A3D920756D}.Release|Any CPU.Build.0 = Release|Any CPU
		{271C92B1-CEC5-43B3-8F14-E228B897862F}.Debug|Any CPU.ActiveCfg = Debug|Any CPU
		{271C92B1-CEC5-43B3-8F14-E228B897862F}.Debug|Any CPU.Build.0 = Debug|Any CPU
		{271C92B1-CEC5-43B3-8F14-E228B897862F}.Release|Any CPU.ActiveCfg = Release|Any CPU
		{271C92B1-CEC5-43B3-8F14-E228B897862F}.Release|Any CPU.Build.0 = Release|Any CPU
	EndGlobalSection
	GlobalSection(SolutionProperties) = preSolution
		HideSolutionNode = FALSE
	EndGlobalSection
	GlobalSection(NestedProjects) = preSolution
		{EC00641A-E5F3-4731-9A5F-3EDCD61B7036} = {F4596D26-0B53-4044-AFE2-D5BEE994F241}
		{18E0917A-BFC7-4126-AC55-FEAAA6D49641} = {F4596D26-0B53-4044-AFE2-D5BEE994F241}
		{D42DCE47-39BC-4E51-BCBA-5485A938BFDD} = {F4596D26-0B53-4044-AFE2-D5BEE994F241}
		{C640383A-E020-4695-8B9D-E6A3D920756D} = {F4596D26-0B53-4044-AFE2-D5BEE994F241}
		{271C92B1-CEC5-43B3-8F14-E228B897862F} = {FACF27DF-6596-4618-BD55-5169433F150B}
	EndGlobalSection
	GlobalSection(ExtensibilityGlobals) = postSolution
		SolutionGuid = {33F8C024-43DC-4A3B-94A0-1826E918AC58}
	EndGlobalSection
EndGlobal
